
Microsoft Visual Studio Solution File, Format Version 12.00
# Visual Studio 15
VisualStudioVersion = 15.0.28307.645
MinimumVisualStudioVersion = 10.0.40219.1
Project("{8BC9CEB8-8B4A-11D0-8D11-00A0C91BC942}") = "rozmycie", "rozmycie\rozmycie.vcxproj", "{4ABE08A2-4ED5-408A-B0F6-BEC95C6A665A}"
EndProject
Project("{FAE04EC0-301F-11D3-BF4B-00C04F79EFBC}") = "GUI", "GUI\GUI.csproj", "{79F3AF23-9965-47EC-B000-E294837E2790}"
EndProject
Global
	GlobalSection(SolutionConfigurationPlatforms) = preSolution
		Debug x64|Any CPU = Debug x64|Any CPU
		Debug x64|x64 = Debug x64|x64
		Debug x64|x86 = Debug x64|x86
		Debug|Any CPU = Debug|Any CPU
		Debug|x64 = Debug|x64
		Debug|x86 = Debug|x86
		Release x64|Any CPU = Release x64|Any CPU
		Release x64|x64 = Release x64|x64
		Release x64|x86 = Release x64|x86
		Release|Any CPU = Release|Any CPU
		Release|x64 = Release|x64
		Release|x86 = Release|x86
	EndGlobalSection
	GlobalSection(ProjectConfigurationPlatforms) = postSolution
		{4ABE08A2-4ED5-408A-B0F6-BEC95C6A665A}.Debug x64|Any CPU.ActiveCfg = Debug|x64
		{4ABE08A2-4ED5-408A-B0F6-BEC95C6A665A}.Debug x64|Any CPU.Build.0 = Debug|x64
		{4ABE08A2-4ED5-408A-B0F6-BEC95C6A665A}.Debug x64|x64.ActiveCfg = Debug|x64
		{4ABE08A2-4ED5-408A-B0F6-BEC95C6A665A}.Debug x64|x64.Build.0 = Debug|x64
		{4ABE08A2-4ED5-408A-B0F6-BEC95C6A665A}.Debug x64|x86.ActiveCfg = Debug|x64
		{4ABE08A2-4ED5-408A-B0F6-BEC95C6A665A}.Debug x64|x86.Build.0 = Debug|x64
		{4ABE08A2-4ED5-408A-B0F6-BEC95C6A665A}.Debug|Any CPU.ActiveCfg = Debug|Win32
		{4ABE08A2-4ED5-408A-B0F6-BEC95C6A665A}.Debug|x64.ActiveCfg = Debug|Win32
		{4ABE08A2-4ED5-408A-B0F6-BEC95C6A665A}.Debug|x64.Build.0 = Debug|Win32
		{4ABE08A2-4ED5-408A-B0F6-BEC95C6A665A}.Debug|x86.ActiveCfg = Debug|Win32
		{4ABE08A2-4ED5-408A-B0F6-BEC95C6A665A}.Debug|x86.Build.0 = Debug|Win32
		{4ABE08A2-4ED5-408A-B0F6-BEC95C6A665A}.Release x64|Any CPU.ActiveCfg = Release x64|Win32
		{4ABE08A2-4ED5-408A-B0F6-BEC95C6A665A}.Release x64|x64.ActiveCfg = Release x64|x64
		{4ABE08A2-4ED5-408A-B0F6-BEC95C6A665A}.Release x64|x64.Build.0 = Release x64|x64
		{4ABE08A2-4ED5-408A-B0F6-BEC95C6A665A}.Release x64|x86.ActiveCfg = Release x64|x64
		{4ABE08A2-4ED5-408A-B0F6-BEC95C6A665A}.Release x64|x86.Build.0 = Release x64|x64
		{4ABE08A2-4ED5-408A-B0F6-BEC95C6A665A}.Release|Any CPU.ActiveCfg = Release|Win32
		{4ABE08A2-4ED5-408A-B0F6-BEC95C6A665A}.Release|x64.ActiveCfg = Release|Win32
		{4ABE08A2-4ED5-408A-B0F6-BEC95C6A665A}.Release|x64.Build.0 = Release|Win32
		{4ABE08A2-4ED5-408A-B0F6-BEC95C6A665A}.Release|x86.ActiveCfg = Release|Win32
		{4ABE08A2-4ED5-408A-B0F6-BEC95C6A665A}.Release|x86.Build.0 = Release|Win32
		{79F3AF23-9965-47EC-B000-E294837E2790}.Debug x64|Any CPU.ActiveCfg = Debug x64|Any CPU
		{79F3AF23-9965-47EC-B000-E294837E2790}.Debug x64|Any CPU.Build.0 = Debug x64|Any CPU
		{79F3AF23-9965-47EC-B000-E294837E2790}.Debug x64|x64.ActiveCfg = Debug x64|Any CPU
		{79F3AF23-9965-47EC-B000-E294837E2790}.Debug x64|x64.Build.0 = Debug x64|Any CPU
		{79F3AF23-9965-47EC-B000-E294837E2790}.Debug x64|x86.ActiveCfg = Debug x64|Any CPU
		{79F3AF23-9965-47EC-B000-E294837E2790}.Debug x64|x86.Build.0 = Debug x64|Any CPU
		{79F3AF23-9965-47EC-B000-E294837E2790}.Debug|Any CPU.ActiveCfg = Debug|Any CPU
		{79F3AF23-9965-47EC-B000-E294837E2790}.Debug|Any CPU.Build.0 = Debug|Any CPU
		{79F3AF23-9965-47EC-B000-E294837E2790}.Debug|x64.ActiveCfg = Debug|Any CPU
		{79F3AF23-9965-47EC-B000-E294837E2790}.Debug|x64.Build.0 = Debug|Any CPU
		{79F3AF23-9965-47EC-B000-E294837E2790}.Debug|x86.ActiveCfg = Debug|Any CPU
		{79F3AF23-9965-47EC-B000-E294837E2790}.Debug|x86.Build.0 = Debug|Any CPU
		{79F3AF23-9965-47EC-B000-E294837E2790}.Release x64|Any CPU.ActiveCfg = Release x64|Any CPU
		{79F3AF23-9965-47EC-B000-E294837E2790}.Release x64|Any CPU.Build.0 = Release x64|Any CPU
		{79F3AF23-9965-47EC-B000-E294837E2790}.Release x64|x64.ActiveCfg = Release x64|Any CPU
		{79F3AF23-9965-47EC-B000-E294837E2790}.Release x64|x64.Build.0 = Release x64|Any CPU
		{79F3AF23-9965-47EC-B000-E294837E2790}.Release x64|x86.ActiveCfg = Release x64|Any CPU
		{79F3AF23-9965-47EC-B000-E294837E2790}.Release x64|x86.Build.0 = Release x64|Any CPU
		{79F3AF23-9965-47EC-B000-E294837E2790}.Release|Any CPU.ActiveCfg = Release|Any CPU
		{79F3AF23-9965-47EC-B000-E294837E2790}.Release|Any CPU.Build.0 = Release|Any CPU
		{79F3AF23-9965-47EC-B000-E294837E2790}.Release|x64.ActiveCfg = Release|Any CPU
		{79F3AF23-9965-47EC-B000-E294837E2790}.Release|x64.Build.0 = Release|Any CPU
		{79F3AF23-9965-47EC-B000-E294837E2790}.Release|x86.ActiveCfg = Release|Any CPU
		{79F3AF23-9965-47EC-B000-E294837E2790}.Release|x86.Build.0 = Release|Any CPU
	EndGlobalSection
	GlobalSection(SolutionProperties) = preSolution
		HideSolutionNode = FALSE
	EndGlobalSection
	GlobalSection(ExtensibilityGlobals) = postSolution
		SolutionGuid = {BA2615F0-F495-4FB9-A8DB-C875F2120038}
	EndGlobalSection
EndGlobal
